
Microsoft Visual Studio Solution File, Format Version 12.00
# Visual Studio Version 17
VisualStudioVersion = 17.0.31903.59
MinimumVisualStudioVersion = 10.0.40219.1
Project("{2150E333-8FDC-42A3-9474-1A3956D46DE8}") = "src", "src", "{827E0CD3-B72D-47B6-A68D-7590B98EB39B}"
EndProject
Project("{2150E333-8FDC-42A3-9474-1A3956D46DE8}") = "Core", "Core", "{8D626EA8-CB54-BC41-363A-217881BEBA6E}"
EndProject
Project("{FAE04EC0-301F-11D3-BF4B-00C04F79EFBC}") = "Common", "src\Core\Common\Common.csproj", "{8FAC5904-8A3E-4A29-A77A-B64A636357AA}"
EndProject
Project("{FAE04EC0-301F-11D3-BF4B-00C04F79EFBC}") = "Application", "src\Core\Application\Application.csproj", "{5B30C460-4C01-4CA8-B4FE-0519933204EB}"
EndProject
Project("{2150E333-8FDC-42A3-9474-1A3956D46DE8}") = "Data", "Data", "{58A5B24B-8FB4-5A6E-5EF4-1E3E19F29B1B}"
EndProject
Project("{FAE04EC0-301F-11D3-BF4B-00C04F79EFBC}") = "Data", "src\Data\Data\Data.csproj", "{D583944D-1B4D-49C9-B008-D286E2AFCE53}"
EndProject
Project("{FAE04EC0-301F-11D3-BF4B-00C04F79EFBC}") = "Postgresql", "src\Data\Postgresql\Postgresql.csproj", "{2505E8F7-448C-40E9-BC7D-2998845DC0F2}"
EndProject
Project("{2150E333-8FDC-42A3-9474-1A3956D46DE8}") = "Api", "Api", "{81034408-37C8-1011-444E-4C15C2FADA8E}"
EndProject
Project("{FAE04EC0-301F-11D3-BF4B-00C04F79EFBC}") = "AspNetCore", "src\Api\AspNetCore\AspNetCore.csproj", "{A073C10E-32A0-42B4-B144-797A579839A1}"
EndProject
Project("{2150E333-8FDC-42A3-9474-1A3956D46DE8}") = "tests", "tests", "{0AB3BF05-4346-4AA6-1389-037BE0695223}"
EndProject
Project("{2150E333-8FDC-42A3-9474-1A3956D46DE8}") = "Api", "Api", "{97094B24-3C9A-C0DB-C982-4A4025DE3508}"
EndProject
Project("{FAE04EC0-301F-11D3-BF4B-00C04F79EFBC}") = "AspNetCore.Integration.Tests", "tests\Api\AspNetCore.Integration.Tests\AspNetCore.Integration.Tests.csproj", "{0087704E-3BFE-4A8E-8430-EE52250D4D4B}"
EndProject
Project("{2150E333-8FDC-42A3-9474-1A3956D46DE8}") = "Core", "Core", "{5C35D9BE-388A-8745-CD5F-BB8E361A8720}"
EndProject
Project("{FAE04EC0-301F-11D3-BF4B-00C04F79EFBC}") = "Application.Tests", "tests\Core\Application.Tests\Application.Tests.csproj", "{D967137D-5D8E-4CE1-B2B4-9CB79ECA4AB6}"
EndProject
Global
	GlobalSection(SolutionConfigurationPlatforms) = preSolution
		Debug|Any CPU = Debug|Any CPU
		Debug|x64 = Debug|x64
		Debug|x86 = Debug|x86
		Release|Any CPU = Release|Any CPU
		Release|x64 = Release|x64
		Release|x86 = Release|x86
	EndGlobalSection
	GlobalSection(ProjectConfigurationPlatforms) = postSolution
		{8FAC5904-8A3E-4A29-A77A-B64A636357AA}.Debug|Any CPU.ActiveCfg = Debug|Any CPU
		{8FAC5904-8A3E-4A29-A77A-B64A636357AA}.Debug|Any CPU.Build.0 = Debug|Any CPU
		{8FAC5904-8A3E-4A29-A77A-B64A636357AA}.Debug|x64.ActiveCfg = Debug|Any CPU
		{8FAC5904-8A3E-4A29-A77A-B64A636357AA}.Debug|x64.Build.0 = Debug|Any CPU
		{8FAC5904-8A3E-4A29-A77A-B64A636357AA}.Debug|x86.ActiveCfg = Debug|Any CPU
		{8FAC5904-8A3E-4A29-A77A-B64A636357AA}.Debug|x86.Build.0 = Debug|Any CPU
		{8FAC5904-8A3E-4A29-A77A-B64A636357AA}.Release|Any CPU.ActiveCfg = Release|Any CPU
		{8FAC5904-8A3E-4A29-A77A-B64A636357AA}.Release|Any CPU.Build.0 = Release|Any CPU
		{8FAC5904-8A3E-4A29-A77A-B64A636357AA}.Release|x64.ActiveCfg = Release|Any CPU
		{8FAC5904-8A3E-4A29-A77A-B64A636357AA}.Release|x64.Build.0 = Release|Any CPU
		{8FAC5904-8A3E-4A29-A77A-B64A636357AA}.Release|x86.ActiveCfg = Release|Any CPU
		{8FAC5904-8A3E-4A29-A77A-B64A636357AA}.Release|x86.Build.0 = Release|Any CPU
		{5B30C460-4C01-4CA8-B4FE-0519933204EB}.Debug|Any CPU.ActiveCfg = Debug|Any CPU
		{5B30C460-4C01-4CA8-B4FE-0519933204EB}.Debug|Any CPU.Build.0 = Debug|Any CPU
		{5B30C460-4C01-4CA8-B4FE-0519933204EB}.Debug|x64.ActiveCfg = Debug|Any CPU
		{5B30C460-4C01-4CA8-B4FE-0519933204EB}.Debug|x64.Build.0 = Debug|Any CPU
		{5B30C460-4C01-4CA8-B4FE-0519933204EB}.Debug|x86.ActiveCfg = Debug|Any CPU
		{5B30C460-4C01-4CA8-B4FE-0519933204EB}.Debug|x86.Build.0 = Debug|Any CPU
		{5B30C460-4C01-4CA8-B4FE-0519933204EB}.Release|Any CPU.ActiveCfg = Release|Any CPU
		{5B30C460-4C01-4CA8-B4FE-0519933204EB}.Release|Any CPU.Build.0 = Release|Any CPU
		{5B30C460-4C01-4CA8-B4FE-0519933204EB}.Release|x64.ActiveCfg = Release|Any CPU
		{5B30C460-4C01-4CA8-B4FE-0519933204EB}.Release|x64.Build.0 = Release|Any CPU
		{5B30C460-4C01-4CA8-B4FE-0519933204EB}.Release|x86.ActiveCfg = Release|Any CPU
		{5B30C460-4C01-4CA8-B4FE-0519933204EB}.Release|x86.Build.0 = Release|Any CPU
		{D583944D-1B4D-49C9-B008-D286E2AFCE53}.Debug|Any CPU.ActiveCfg = Debug|Any CPU
		{D583944D-1B4D-49C9-B008-D286E2AFCE53}.Debug|Any CPU.Build.0 = Debug|Any CPU
		{D583944D-1B4D-49C9-B008-D286E2AFCE53}.Debug|x64.ActiveCfg = Debug|Any CPU
		{D583944D-1B4D-49C9-B008-D286E2AFCE53}.Debug|x64.Build.0 = Debug|Any CPU
		{D583944D-1B4D-49C9-B008-D286E2AFCE53}.Debug|x86.ActiveCfg = Debug|Any CPU
		{D583944D-1B4D-49C9-B008-D286E2AFCE53}.Debug|x86.Build.0 = Debug|Any CPU
		{D583944D-1B4D-49C9-B008-D286E2AFCE53}.Release|Any CPU.ActiveCfg = Release|Any CPU
		{D583944D-1B4D-49C9-B008-D286E2AFCE53}.Release|Any CPU.Build.0 = Release|Any CPU
		{D583944D-1B4D-49C9-B008-D286E2AFCE53}.Release|x64.ActiveCfg = Release|Any CPU
		{D583944D-1B4D-49C9-B008-D286E2AFCE53}.Release|x64.Build.0 = Release|Any CPU
		{D583944D-1B4D-49C9-B008-D286E2AFCE53}.Release|x86.ActiveCfg = Release|Any CPU
		{D583944D-1B4D-49C9-B008-D286E2AFCE53}.Release|x86.Build.0 = Release|Any CPU
		{2505E8F7-448C-40E9-BC7D-2998845DC0F2}.Debug|Any CPU.ActiveCfg = Debug|Any CPU
		{2505E8F7-448C-40E9-BC7D-2998845DC0F2}.Debug|Any CPU.Build.0 = Debug|Any CPU
		{2505E8F7-448C-40E9-BC7D-2998845DC0F2}.Debug|x64.ActiveCfg = Debug|Any CPU
		{2505E8F7-448C-40E9-BC7D-2998845DC0F2}.Debug|x64.Build.0 = Debug|Any CPU
		{2505E8F7-448C-40E9-BC7D-2998845DC0F2}.Debug|x86.ActiveCfg = Debug|Any CPU
		{2505E8F7-448C-40E9-BC7D-2998845DC0F2}.Debug|x86.Build.0 = Debug|Any CPU
		{2505E8F7-448C-40E9-BC7D-2998845DC0F2}.Release|Any CPU.ActiveCfg = Release|Any CPU
		{2505E8F7-448C-40E9-BC7D-2998845DC0F2}.Release|Any CPU.Build.0 = Release|Any CPU
		{2505E8F7-448C-40E9-BC7D-2998845DC0F2}.Release|x64.ActiveCfg = Release|Any CPU
		{2505E8F7-448C-40E9-BC7D-2998845DC0F2}.Release|x64.Build.0 = Release|Any CPU
		{2505E8F7-448C-40E9-BC7D-2998845DC0F2}.Release|x86.ActiveCfg = Release|Any CPU
		{2505E8F7-448C-40E9-BC7D-2998845DC0F2}.Release|x86.Build.0 = Release|Any CPU
		{A073C10E-32A0-42B4-B144-797A579839A1}.Debug|Any CPU.ActiveCfg = Debug|Any CPU
		{A073C10E-32A0-42B4-B144-797A579839A1}.Debug|Any CPU.Build.0 = Debug|Any CPU
		{A073C10E-32A0-42B4-B144-797A579839A1}.Debug|x64.ActiveCfg = Debug|Any CPU
		{A073C10E-32A0-42B4-B144-797A579839A1}.Debug|x64.Build.0 = Debug|Any CPU
		{A073C10E-32A0-42B4-B144-797A579839A1}.Debug|x86.ActiveCfg = Debug|Any CPU
		{A073C10E-32A0-42B4-B144-797A579839A1}.Debug|x86.Build.0 = Debug|Any CPU
		{A073C10E-32A0-42B4-B144-797A579839A1}.Release|Any CPU.ActiveCfg = Release|Any CPU
		{A073C10E-32A0-42B4-B144-797A579839A1}.Release|Any CPU.Build.0 = Release|Any CPU
		{A073C10E-32A0-42B4-B144-797A579839A1}.Release|x64.ActiveCfg = Release|Any CPU
		{A073C10E-32A0-42B4-B144-797A579839A1}.Release|x64.Build.0 = Release|Any CPU
		{A073C10E-32A0-42B4-B144-797A579839A1}.Release|x86.ActiveCfg = Release|Any CPU
		{A073C10E-32A0-42B4-B144-797A579839A1}.Release|x86.Build.0 = Release|Any CPU
		{0087704E-3BFE-4A8E-8430-EE52250D4D4B}.Debug|Any CPU.ActiveCfg = Debug|Any CPU
		{0087704E-3BFE-4A8E-8430-EE52250D4D4B}.Debug|Any CPU.Build.0 = Debug|Any CPU
		{0087704E-3BFE-4A8E-8430-EE52250D4D4B}.Debug|x64.ActiveCfg = Debug|Any CPU
		{0087704E-3BFE-4A8E-8430-EE52250D4D4B}.Debug|x64.Build.0 = Debug|Any CPU
		{0087704E-3BFE-4A8E-8430-EE52250D4D4B}.Debug|x86.ActiveCfg = Debug|Any CPU
		{0087704E-3BFE-4A8E-8430-EE52250D4D4B}.Debug|x86.Build.0 = Debug|Any CPU
		{0087704E-3BFE-4A8E-8430-EE52250D4D4B}.Release|Any CPU.ActiveCfg = Release|Any CPU
		{0087704E-3BFE-4A8E-8430-EE52250D4D4B}.Release|Any CPU.Build.0 = Release|Any CPU
		{0087704E-3BFE-4A8E-8430-EE52250D4D4B}.Release|x64.ActiveCfg = Release|Any CPU
		{0087704E-3BFE-4A8E-8430-EE52250D4D4B}.Release|x64.Build.0 = Release|Any CPU
		{0087704E-3BFE-4A8E-8430-EE52250D4D4B}.Release|x86.ActiveCfg = Release|Any CPU
		{0087704E-3BFE-4A8E-8430-EE52250D4D4B}.Release|x86.Build.0 = Release|Any CPU
		{D967137D-5D8E-4CE1-B2B4-9CB79ECA4AB6}.Debug|Any CPU.ActiveCfg = Debug|Any CPU
		{D967137D-5D8E-4CE1-B2B4-9CB79ECA4AB6}.Debug|Any CPU.Build.0 = Debug|Any CPU
		{D967137D-5D8E-4CE1-B2B4-9CB79ECA4AB6}.Debug|x64.ActiveCfg = Debug|Any CPU
		{D967137D-5D8E-4CE1-B2B4-9CB79ECA4AB6}.Debug|x64.Build.0 = Debug|Any CPU
		{D967137D-5D8E-4CE1-B2B4-9CB79ECA4AB6}.Debug|x86.ActiveCfg = Debug|Any CPU
		{D967137D-5D8E-4CE1-B2B4-9CB79ECA4AB6}.Debug|x86.Build.0 = Debug|Any CPU
		{D967137D-5D8E-4CE1-B2B4-9CB79ECA4AB6}.Release|Any CPU.ActiveCfg = Release|Any CPU
		{D967137D-5D8E-4CE1-B2B4-9CB79ECA4AB6}.Release|Any CPU.Build.0 = Release|Any CPU
		{D967137D-5D8E-4CE1-B2B4-9CB79ECA4AB6}.Release|x64.ActiveCfg = Release|Any CPU
		{D967137D-5D8E-4CE1-B2B4-9CB79ECA4AB6}.Release|x64.Build.0 = Release|Any CPU
		{D967137D-5D8E-4CE1-B2B4-9CB79ECA4AB6}.Release|x86.ActiveCfg = Release|Any CPU
		{D967137D-5D8E-4CE1-B2B4-9CB79ECA4AB6}.Release|x86.Build.0 = Release|Any CPU
	EndGlobalSection
	GlobalSection(SolutionProperties) = preSolution
		HideSolutionNode = FALSE
	EndGlobalSection
	GlobalSection(NestedProjects) = preSolution
		{8D626EA8-CB54-BC41-363A-217881BEBA6E} = {827E0CD3-B72D-47B6-A68D-7590B98EB39B}
		{8FAC5904-8A3E-4A29-A77A-B64A636357AA} = {8D626EA8-CB54-BC41-363A-217881BEBA6E}
		{5B30C460-4C01-4CA8-B4FE-0519933204EB} = {8D626EA8-CB54-BC41-363A-217881BEBA6E}
		{58A5B24B-8FB4-5A6E-5EF4-1E3E19F29B1B} = {827E0CD3-B72D-47B6-A68D-7590B98EB39B}
		{D583944D-1B4D-49C9-B008-D286E2AFCE53} = {58A5B24B-8FB4-5A6E-5EF4-1E3E19F29B1B}
		{2505E8F7-448C-40E9-BC7D-2998845DC0F2} = {58A5B24B-8FB4-5A6E-5EF4-1E3E19F29B1B}
		{81034408-37C8-1011-444E-4C15C2FADA8E} = {827E0CD3-B72D-47B6-A68D-7590B98EB39B}
		{A073C10E-32A0-42B4-B144-797A579839A1} = {81034408-37C8-1011-444E-4C15C2FADA8E}
		{97094B24-3C9A-C0DB-C982-4A4025DE3508} = {0AB3BF05-4346-4AA6-1389-037BE0695223}
		{0087704E-3BFE-4A8E-8430-EE52250D4D4B} = {97094B24-3C9A-C0DB-C982-4A4025DE3508}
		{5C35D9BE-388A-8745-CD5F-BB8E361A8720} = {0AB3BF05-4346-4AA6-1389-037BE0695223}
		{D967137D-5D8E-4CE1-B2B4-9CB79ECA4AB6} = {5C35D9BE-388A-8745-CD5F-BB8E361A8720}
	EndGlobalSection
EndGlobal
